
Microsoft Visual Studio Solution File, Format Version 12.00
# Visual Studio Version 17
VisualStudioVersion = 17.14.36915.13 d17.14
MinimumVisualStudioVersion = 10.0.40219.1
Project("{8BC9CEB8-8B4A-11D0-8D11-00A0C91BC942}") = "lee994", "lee994.vcxproj", "{5BB70BE4-1921-4B07-968D-BECAAD11D28B}"
EndProject
Global
	GlobalSection(SolutionConfigurationPlatforms) = preSolution
		Debug|x64 = Debug|x64
		Debug|x86 = Debug|x86
		Release|x64 = Release|x64
		Release|x86 = Release|x86
	EndGlobalSection
	GlobalSection(ProjectConfigurationPlatforms) = postSolution
		{5BB70BE4-1921-4B07-968D-BECAAD11D28B}.Debug|x64.ActiveCfg = Debug|x64
		{5BB70BE4-1921-4B07-968D-BECAAD11D28B}.Debug|x64.Build.0 = Debug|x64
		{5BB70BE4-1921-4B07-968D-BECAAD11D28B}.Debug|x86.ActiveCfg = Debug|Win32
		{5BB70BE4-1921-4B07-968D-BECAAD11D28B}.Debug|x86.Build.0 = Debug|Win32
		{5BB70BE4-1921-4B07-968D-BECAAD11D28B}.Release|x64.ActiveCfg = Release|x64
		{5BB70BE4-1921-4B07-968D-BECAAD11D28B}.Release|x64.Build.0 = Release|x64
		{5BB70BE4-1921-4B07-968D-BECAAD11D28B}.Release|x86.ActiveCfg = Release|Win32
		{5BB70BE4-1921-4B07-968D-BECAAD11D28B}.Release|x86.Build.0 = Release|Win32
	EndGlobalSection
	GlobalSection(SolutionProperties) = preSolution
		HideSolutionNode = FALSE
	EndGlobalSection
	GlobalSection(ExtensibilityGlobals) = postSolution
		SolutionGuid = {87F82FF1-DCFD-4D03-9B9E-50AA7EE15A81}
	EndGlobalSection
EndGlobal
