
Microsoft Visual Studio Solution File, Format Version 12.00
# Visual Studio Version 17
VisualStudioVersion = 17.14.36915.13 d17.14
MinimumVisualStudioVersion = 10.0.40219.1
Project("{8BC9CEB8-8B4A-11D0-8D11-00A0C91BC942}") = "2026.3.10", "2026.3.10.vcxproj", "{427AD15A-71FF-4850-ADB0-FA0F6781D930}"
EndProject
Global
	GlobalSection(SolutionConfigurationPlatforms) = preSolution
		Debug|x64 = Debug|x64
		Debug|x86 = Debug|x86
		Release|x64 = Release|x64
		Release|x86 = Release|x86
	EndGlobalSection
	GlobalSection(ProjectConfigurationPlatforms) = postSolution
		{427AD15A-71FF-4850-ADB0-FA0F6781D930}.Debug|x64.ActiveCfg = Debug|x64
		{427AD15A-71FF-4850-ADB0-FA0F6781D930}.Debug|x64.Build.0 = Debug|x64
		{427AD15A-71FF-4850-ADB0-FA0F6781D930}.Debug|x86.ActiveCfg = Debug|Win32
		{427AD15A-71FF-4850-ADB0-FA0F6781D930}.Debug|x86.Build.0 = Debug|Win32
		{427AD15A-71FF-4850-ADB0-FA0F6781D930}.Release|x64.ActiveCfg = Release|x64
		{427AD15A-71FF-4850-ADB0-FA0F6781D930}.Release|x64.Build.0 = Release|x64
		{427AD15A-71FF-4850-ADB0-FA0F6781D930}.Release|x86.ActiveCfg = Release|Win32
		{427AD15A-71FF-4850-ADB0-FA0F6781D930}.Release|x86.Build.0 = Release|Win32
	EndGlobalSection
	GlobalSection(SolutionProperties) = preSolution
		HideSolutionNode = FALSE
	EndGlobalSection
	GlobalSection(ExtensibilityGlobals) = postSolution
		SolutionGuid = {6CBA26DC-2665-4EB6-AB7A-D9715A253124}
	EndGlobalSection
EndGlobal
